
Microsoft Visual Studio Solution File, Format Version 12.00
# Visual Studio Version 17
VisualStudioVersion = 17.7.34024.191
MinimumVisualStudioVersion = 10.0.40219.1
Project("{FAE04EC0-301F-11D3-BF4B-00C04F79EFBC}") = "PR29_Galkin", "PR29_Galkin\PR29_Galkin.csproj", "{DED66922-C31D-4FEF-9EAF-C2ED9D66A6BC}"
EndProject
Global
	GlobalSection(SolutionConfigurationPlatforms) = preSolution
		Debug|Any CPU = Debug|Any CPU
		Release|Any CPU = Release|Any CPU
	EndGlobalSection
	GlobalSection(ProjectConfigurationPlatforms) = postSolution
		{DED66922-C31D-4FEF-9EAF-C2ED9D66A6BC}.Debug|Any CPU.ActiveCfg = Debug|Any CPU
		{DED66922-C31D-4FEF-9EAF-C2ED9D66A6BC}.Debug|Any CPU.Build.0 = Debug|Any CPU
		{DED66922-C31D-4FEF-9EAF-C2ED9D66A6BC}.Release|Any CPU.ActiveCfg = Release|Any CPU
		{DED66922-C31D-4FEF-9EAF-C2ED9D66A6BC}.Release|Any CPU.Build.0 = Release|Any CPU
	EndGlobalSection
	GlobalSection(SolutionProperties) = preSolution
		HideSolutionNode = FALSE
	EndGlobalSection
	GlobalSection(ExtensibilityGlobals) = postSolution
		SolutionGuid = {BA0A0476-0A53-431E-A3AF-ACBE35ABA4F2}
	EndGlobalSection
EndGlobal
